
Microsoft Visual Studio Solution File, Format Version 12.00
# Visual Studio Version 16
VisualStudioVersion = 16.0.34407.143
MinimumVisualStudioVersion = 10.0.40219.1
Project("{FAE04EC0-301F-11D3-BF4B-00C04F79EFBC}") = "exerciciosFixacao4", "exerciciosFixacao4\exerciciosFixacao4.csproj", "{287E4E44-156B-4CF7-8F2C-6531F039BDF8}"
EndProject
Global
	GlobalSection(SolutionConfigurationPlatforms) = preSolution
		Debug|Any CPU = Debug|Any CPU
		Release|Any CPU = Release|Any CPU
	EndGlobalSection
	GlobalSection(ProjectConfigurationPlatforms) = postSolution
		{287E4E44-156B-4CF7-8F2C-6531F039BDF8}.Debug|Any CPU.ActiveCfg = Debug|Any CPU
		{287E4E44-156B-4CF7-8F2C-6531F039BDF8}.Debug|Any CPU.Build.0 = Debug|Any CPU
		{287E4E44-156B-4CF7-8F2C-6531F039BDF8}.Release|Any CPU.ActiveCfg = Release|Any CPU
		{287E4E44-156B-4CF7-8F2C-6531F039BDF8}.Release|Any CPU.Build.0 = Release|Any CPU
	EndGlobalSection
	GlobalSection(SolutionProperties) = preSolution
		HideSolutionNode = FALSE
	EndGlobalSection
	GlobalSection(ExtensibilityGlobals) = postSolution
		SolutionGuid = {7425464E-C44F-49C1-B1C9-23D3C012819A}
	EndGlobalSection
EndGlobal
