
Microsoft Visual Studio Solution File, Format Version 12.00
# Visual Studio Version 16
VisualStudioVersion = 16.0.34407.143
MinimumVisualStudioVersion = 10.0.40219.1
Project("{FAE04EC0-301F-11D3-BF4B-00C04F79EFBC}") = "Construtores", "Construtores\Construtores.csproj", "{F185B690-EF5A-4AA7-8E5D-B4B41ACD2B08}"
EndProject
Global
	GlobalSection(SolutionConfigurationPlatforms) = preSolution
		Debug|Any CPU = Debug|Any CPU
		Release|Any CPU = Release|Any CPU
	EndGlobalSection
	GlobalSection(ProjectConfigurationPlatforms) = postSolution
		{F185B690-EF5A-4AA7-8E5D-B4B41ACD2B08}.Debug|Any CPU.ActiveCfg = Debug|Any CPU
		{F185B690-EF5A-4AA7-8E5D-B4B41ACD2B08}.Debug|Any CPU.Build.0 = Debug|Any CPU
		{F185B690-EF5A-4AA7-8E5D-B4B41ACD2B08}.Release|Any CPU.ActiveCfg = Release|Any CPU
		{F185B690-EF5A-4AA7-8E5D-B4B41ACD2B08}.Release|Any CPU.Build.0 = Release|Any CPU
	EndGlobalSection
	GlobalSection(SolutionProperties) = preSolution
		HideSolutionNode = FALSE
	EndGlobalSection
	GlobalSection(ExtensibilityGlobals) = postSolution
		SolutionGuid = {C428A841-1B8C-4B00-9FDC-6226EB971EAD}
	EndGlobalSection
EndGlobal
