
Microsoft Visual Studio Solution File, Format Version 12.00
# Visual Studio Version 16
VisualStudioVersion = 16.0.34407.143
MinimumVisualStudioVersion = 10.0.40219.1
Project("{FAE04EC0-301F-11D3-BF4B-00C04F79EFBC}") = "ExercicioFuncionario", "ExercicioFuncionario\ExercicioFuncionario.csproj", "{FD633AF1-FE08-4B2C-A7B2-8A71C4AF68D9}"
EndProject
Global
	GlobalSection(SolutionConfigurationPlatforms) = preSolution
		Debug|Any CPU = Debug|Any CPU
		Release|Any CPU = Release|Any CPU
	EndGlobalSection
	GlobalSection(ProjectConfigurationPlatforms) = postSolution
		{FD633AF1-FE08-4B2C-A7B2-8A71C4AF68D9}.Debug|Any CPU.ActiveCfg = Debug|Any CPU
		{FD633AF1-FE08-4B2C-A7B2-8A71C4AF68D9}.Debug|Any CPU.Build.0 = Debug|Any CPU
		{FD633AF1-FE08-4B2C-A7B2-8A71C4AF68D9}.Release|Any CPU.ActiveCfg = Release|Any CPU
		{FD633AF1-FE08-4B2C-A7B2-8A71C4AF68D9}.Release|Any CPU.Build.0 = Release|Any CPU
	EndGlobalSection
	GlobalSection(SolutionProperties) = preSolution
		HideSolutionNode = FALSE
	EndGlobalSection
	GlobalSection(ExtensibilityGlobals) = postSolution
		SolutionGuid = {A1BEEB70-FBC1-4BA9-8769-92DD5D90FE70}
	EndGlobalSection
EndGlobal
